set_location_assignment PIN_131 -to clk
set_location_assignment PIN_206 -to reset_n

set_location_assignment PIN_110 -to button_in[0]
set_location_assignment PIN_112 -to button_in[1]
set_location_assignment PIN_113 -to button_in[2]
set_location_assignment PIN_114 -to button_in[3]
set_location_assignment PIN_115 -to button_in[4]
set_location_assignment PIN_116 -to button_in[5]
set_location_assignment PIN_101 -to button_in[6]
set_location_assignment PIN_104 -to button_in[7]
set_location_assignment PIN_103 -to button_in[8]
set_location_assignment PIN_105 -to button_in[9]
set_location_assignment PIN_106 -to button_in[10]
set_location_assignment PIN_107 -to button_in[11]
set_location_assignment PIN_95 -to button_in[12]
set_location_assignment PIN_99 -to button_in[13]
set_location_assignment PIN_97 -to button_in[14]
set_location_assignment PIN_96 -to button_in[15]
